
Microsoft Visual Studio Solution File, Format Version 12.00
# Visual Studio Version 16
VisualStudioVersion = 16.0.30104.148
MinimumVisualStudioVersion = 10.0.40219.1
Project("{FAE04EC0-301F-11D3-BF4B-00C04F79EFBC}") = "IterationAssign", "IterationAssign\IterationAssign.csproj", "{4510B065-7F2D-46EB-8354-647A8F7BE76B}"
EndProject
Global
	GlobalSection(SolutionConfigurationPlatforms) = preSolution
		Debug|Any CPU = Debug|Any CPU
		Release|Any CPU = Release|Any CPU
	EndGlobalSection
	GlobalSection(ProjectConfigurationPlatforms) = postSolution
		{4510B065-7F2D-46EB-8354-647A8F7BE76B}.Debug|Any CPU.ActiveCfg = Debug|Any CPU
		{4510B065-7F2D-46EB-8354-647A8F7BE76B}.Debug|Any CPU.Build.0 = Debug|Any CPU
		{4510B065-7F2D-46EB-8354-647A8F7BE76B}.Release|Any CPU.ActiveCfg = Release|Any CPU
		{4510B065-7F2D-46EB-8354-647A8F7BE76B}.Release|Any CPU.Build.0 = Release|Any CPU
	EndGlobalSection
	GlobalSection(SolutionProperties) = preSolution
		HideSolutionNode = FALSE
	EndGlobalSection
	GlobalSection(ExtensibilityGlobals) = postSolution
		SolutionGuid = {AA57C9B0-915A-46B5-A126-4789365B4908}
	EndGlobalSection
EndGlobal
