
Microsoft Visual Studio Solution File, Format Version 12.00
# Visual Studio Version 16
VisualStudioVersion = 16.0.30104.148
MinimumVisualStudioVersion = 10.0.40219.1
Project("{FAE04EC0-301F-11D3-BF4B-00C04F79EFBC}") = "MyCarInsuranceApp", "MyCarInsuranceApp\MyCarInsuranceApp.csproj", "{B7EF37D1-389D-4601-B816-25E9751D41E8}"
EndProject
Global
	GlobalSection(SolutionConfigurationPlatforms) = preSolution
		Debug|Any CPU = Debug|Any CPU
		Release|Any CPU = Release|Any CPU
	EndGlobalSection
	GlobalSection(ProjectConfigurationPlatforms) = postSolution
		{B7EF37D1-389D-4601-B816-25E9751D41E8}.Debug|Any CPU.ActiveCfg = Debug|Any CPU
		{B7EF37D1-389D-4601-B816-25E9751D41E8}.Debug|Any CPU.Build.0 = Debug|Any CPU
		{B7EF37D1-389D-4601-B816-25E9751D41E8}.Release|Any CPU.ActiveCfg = Release|Any CPU
		{B7EF37D1-389D-4601-B816-25E9751D41E8}.Release|Any CPU.Build.0 = Release|Any CPU
	EndGlobalSection
	GlobalSection(SolutionProperties) = preSolution
		HideSolutionNode = FALSE
	EndGlobalSection
	GlobalSection(ExtensibilityGlobals) = postSolution
		SolutionGuid = {7B12883A-ABA7-40C7-A99F-940C224D6BE9}
	EndGlobalSection
EndGlobal
