
Microsoft Visual Studio Solution File, Format Version 12.00
# Visual Studio Version 16
VisualStudioVersion = 16.0.30104.148
MinimumVisualStudioVersion = 10.0.40219.1
Project("{FAE04EC0-301F-11D3-BF4B-00C04F79EFBC}") = "ArraysAndLists", "ArraysAndLists\ArraysAndLists.csproj", "{87F21DC2-C91A-4558-A432-72DB1415D254}"
EndProject
Global
	GlobalSection(SolutionConfigurationPlatforms) = preSolution
		Debug|Any CPU = Debug|Any CPU
		Release|Any CPU = Release|Any CPU
	EndGlobalSection
	GlobalSection(ProjectConfigurationPlatforms) = postSolution
		{87F21DC2-C91A-4558-A432-72DB1415D254}.Debug|Any CPU.ActiveCfg = Debug|Any CPU
		{87F21DC2-C91A-4558-A432-72DB1415D254}.Debug|Any CPU.Build.0 = Debug|Any CPU
		{87F21DC2-C91A-4558-A432-72DB1415D254}.Release|Any CPU.ActiveCfg = Release|Any CPU
		{87F21DC2-C91A-4558-A432-72DB1415D254}.Release|Any CPU.Build.0 = Release|Any CPU
	EndGlobalSection
	GlobalSection(SolutionProperties) = preSolution
		HideSolutionNode = FALSE
	EndGlobalSection
	GlobalSection(ExtensibilityGlobals) = postSolution
		SolutionGuid = {18171560-6F5E-4D56-BC83-4BC2E8579694}
	EndGlobalSection
EndGlobal
