
Microsoft Visual Studio Solution File, Format Version 12.00
# Visual Studio Version 16
VisualStudioVersion = 16.0.30104.148
MinimumVisualStudioVersion = 10.0.40219.1
Project("{FAE04EC0-301F-11D3-BF4B-00C04F79EFBC}") = "ExceptionHandling", "ExceptionHandling\ExceptionHandling.csproj", "{CF89C526-FF49-4202-9050-EC7431FFFEC2}"
EndProject
Global
	GlobalSection(SolutionConfigurationPlatforms) = preSolution
		Debug|Any CPU = Debug|Any CPU
		Release|Any CPU = Release|Any CPU
	EndGlobalSection
	GlobalSection(ProjectConfigurationPlatforms) = postSolution
		{CF89C526-FF49-4202-9050-EC7431FFFEC2}.Debug|Any CPU.ActiveCfg = Debug|Any CPU
		{CF89C526-FF49-4202-9050-EC7431FFFEC2}.Debug|Any CPU.Build.0 = Debug|Any CPU
		{CF89C526-FF49-4202-9050-EC7431FFFEC2}.Release|Any CPU.ActiveCfg = Release|Any CPU
		{CF89C526-FF49-4202-9050-EC7431FFFEC2}.Release|Any CPU.Build.0 = Release|Any CPU
	EndGlobalSection
	GlobalSection(SolutionProperties) = preSolution
		HideSolutionNode = FALSE
	EndGlobalSection
	GlobalSection(ExtensibilityGlobals) = postSolution
		SolutionGuid = {89478735-72A9-4748-8023-3FB2D24687EC}
	EndGlobalSection
EndGlobal
