
Microsoft Visual Studio Solution File, Format Version 12.00
# Visual Studio Version 16
VisualStudioVersion = 16.0.30104.148
MinimumVisualStudioVersion = 10.0.40219.1
Project("{FAE04EC0-301F-11D3-BF4B-00C04F79EFBC}") = "WebApplication2", "WebApplication2\WebApplication2.csproj", "{AD768801-7ED4-40DD-B679-0D87E3387D17}"
EndProject
Global
	GlobalSection(SolutionConfigurationPlatforms) = preSolution
		Debug|Any CPU = Debug|Any CPU
		Release|Any CPU = Release|Any CPU
	EndGlobalSection
	GlobalSection(ProjectConfigurationPlatforms) = postSolution
		{AD768801-7ED4-40DD-B679-0D87E3387D17}.Debug|Any CPU.ActiveCfg = Debug|Any CPU
		{AD768801-7ED4-40DD-B679-0D87E3387D17}.Debug|Any CPU.Build.0 = Debug|Any CPU
		{AD768801-7ED4-40DD-B679-0D87E3387D17}.Release|Any CPU.ActiveCfg = Release|Any CPU
		{AD768801-7ED4-40DD-B679-0D87E3387D17}.Release|Any CPU.Build.0 = Release|Any CPU
	EndGlobalSection
	GlobalSection(SolutionProperties) = preSolution
		HideSolutionNode = FALSE
	EndGlobalSection
	GlobalSection(ExtensibilityGlobals) = postSolution
		SolutionGuid = {48BCC020-EA7A-43DC-B48C-3FBC62A32C4E}
	EndGlobalSection
EndGlobal
