
Microsoft Visual Studio Solution File, Format Version 12.00
# Visual Studio Version 16
VisualStudioVersion = 16.0.30104.148
MinimumVisualStudioVersion = 10.0.40219.1
Project("{FAE04EC0-301F-11D3-BF4B-00C04F79EFBC}") = "ConsoleApp1", "ConsoleApp1\ConsoleApp1.csproj", "{DB6FF01F-818E-497E-A7A1-25F6E22B4A97}"
EndProject
Global
	GlobalSection(SolutionConfigurationPlatforms) = preSolution
		Debug|Any CPU = Debug|Any CPU
		Release|Any CPU = Release|Any CPU
	EndGlobalSection
	GlobalSection(ProjectConfigurationPlatforms) = postSolution
		{DB6FF01F-818E-497E-A7A1-25F6E22B4A97}.Debug|Any CPU.ActiveCfg = Debug|Any CPU
		{DB6FF01F-818E-497E-A7A1-25F6E22B4A97}.Debug|Any CPU.Build.0 = Debug|Any CPU
		{DB6FF01F-818E-497E-A7A1-25F6E22B4A97}.Release|Any CPU.ActiveCfg = Release|Any CPU
		{DB6FF01F-818E-497E-A7A1-25F6E22B4A97}.Release|Any CPU.Build.0 = Release|Any CPU
	EndGlobalSection
	GlobalSection(SolutionProperties) = preSolution
		HideSolutionNode = FALSE
	EndGlobalSection
	GlobalSection(ExtensibilityGlobals) = postSolution
		SolutionGuid = {990DFA71-E415-490F-864B-41D7A5573A93}
	EndGlobalSection
EndGlobal
