
Microsoft Visual Studio Solution File, Format Version 12.00
# Visual Studio Version 16
VisualStudioVersion = 16.0.30104.148
MinimumVisualStudioVersion = 10.0.40219.1
Project("{FAE04EC0-301F-11D3-BF4B-00C04F79EFBC}") = "FavAnimal", "FavAnimal\FavAnimal.csproj", "{96C81ACE-B06F-4F8F-A3AF-2FA4762CCAAC}"
EndProject
Global
	GlobalSection(SolutionConfigurationPlatforms) = preSolution
		Debug|Any CPU = Debug|Any CPU
		Release|Any CPU = Release|Any CPU
	EndGlobalSection
	GlobalSection(ProjectConfigurationPlatforms) = postSolution
		{96C81ACE-B06F-4F8F-A3AF-2FA4762CCAAC}.Debug|Any CPU.ActiveCfg = Debug|Any CPU
		{96C81ACE-B06F-4F8F-A3AF-2FA4762CCAAC}.Debug|Any CPU.Build.0 = Debug|Any CPU
		{96C81ACE-B06F-4F8F-A3AF-2FA4762CCAAC}.Release|Any CPU.ActiveCfg = Release|Any CPU
		{96C81ACE-B06F-4F8F-A3AF-2FA4762CCAAC}.Release|Any CPU.Build.0 = Release|Any CPU
	EndGlobalSection
	GlobalSection(SolutionProperties) = preSolution
		HideSolutionNode = FALSE
	EndGlobalSection
	GlobalSection(ExtensibilityGlobals) = postSolution
		SolutionGuid = {A59B9C71-0867-48D8-B9CA-7326914921AB}
	EndGlobalSection
EndGlobal
