
Microsoft Visual Studio Solution File, Format Version 12.00
# Visual Studio Version 16
VisualStudioVersion = 16.0.30104.148
MinimumVisualStudioVersion = 10.0.40219.1
Project("{FAE04EC0-301F-11D3-BF4B-00C04F79EFBC}") = "DateTimeAssign", "DateTimeAssign\DateTimeAssign.csproj", "{7A2F0A13-3BAD-4D76-B2F9-FE6682D94254}"
EndProject
Global
	GlobalSection(SolutionConfigurationPlatforms) = preSolution
		Debug|Any CPU = Debug|Any CPU
		Release|Any CPU = Release|Any CPU
	EndGlobalSection
	GlobalSection(ProjectConfigurationPlatforms) = postSolution
		{7A2F0A13-3BAD-4D76-B2F9-FE6682D94254}.Debug|Any CPU.ActiveCfg = Debug|Any CPU
		{7A2F0A13-3BAD-4D76-B2F9-FE6682D94254}.Debug|Any CPU.Build.0 = Debug|Any CPU
		{7A2F0A13-3BAD-4D76-B2F9-FE6682D94254}.Release|Any CPU.ActiveCfg = Release|Any CPU
		{7A2F0A13-3BAD-4D76-B2F9-FE6682D94254}.Release|Any CPU.Build.0 = Release|Any CPU
	EndGlobalSection
	GlobalSection(SolutionProperties) = preSolution
		HideSolutionNode = FALSE
	EndGlobalSection
	GlobalSection(ExtensibilityGlobals) = postSolution
		SolutionGuid = {E05A21C6-67CE-4325-8A1C-BB696127C5C2}
	EndGlobalSection
EndGlobal
