
Microsoft Visual Studio Solution File, Format Version 12.00
# Visual Studio Version 16
VisualStudioVersion = 16.0.30104.148
MinimumVisualStudioVersion = 10.0.40219.1
Project("{FAE04EC0-301F-11D3-BF4B-00C04F79EFBC}") = "TwentyOne", "TwentyOne\TwentyOne.csproj", "{95030041-0B46-4D8C-9AA7-43575463312B}"
EndProject
Global
	GlobalSection(SolutionConfigurationPlatforms) = preSolution
		Debug|Any CPU = Debug|Any CPU
		Release|Any CPU = Release|Any CPU
	EndGlobalSection
	GlobalSection(ProjectConfigurationPlatforms) = postSolution
		{95030041-0B46-4D8C-9AA7-43575463312B}.Debug|Any CPU.ActiveCfg = Debug|Any CPU
		{95030041-0B46-4D8C-9AA7-43575463312B}.Debug|Any CPU.Build.0 = Debug|Any CPU
		{95030041-0B46-4D8C-9AA7-43575463312B}.Release|Any CPU.ActiveCfg = Release|Any CPU
		{95030041-0B46-4D8C-9AA7-43575463312B}.Release|Any CPU.Build.0 = Release|Any CPU
	EndGlobalSection
	GlobalSection(SolutionProperties) = preSolution
		HideSolutionNode = FALSE
	EndGlobalSection
	GlobalSection(ExtensibilityGlobals) = postSolution
		SolutionGuid = {6C5A0402-9A82-4FEB-865B-90ED867D0F57}
	EndGlobalSection
EndGlobal
