
Microsoft Visual Studio Solution File, Format Version 12.00
# Visual Studio Version 16
VisualStudioVersion = 16.0.30104.148
MinimumVisualStudioVersion = 10.0.40219.1
Project("{FAE04EC0-301F-11D3-BF4B-00C04F79EFBC}") = "EnumsAssignment", "EnumsAssignment\EnumsAssignment.csproj", "{FAA62CF1-594E-4DA6-B7EC-62D2809E576D}"
EndProject
Global
	GlobalSection(SolutionConfigurationPlatforms) = preSolution
		Debug|Any CPU = Debug|Any CPU
		Release|Any CPU = Release|Any CPU
	EndGlobalSection
	GlobalSection(ProjectConfigurationPlatforms) = postSolution
		{FAA62CF1-594E-4DA6-B7EC-62D2809E576D}.Debug|Any CPU.ActiveCfg = Debug|Any CPU
		{FAA62CF1-594E-4DA6-B7EC-62D2809E576D}.Debug|Any CPU.Build.0 = Debug|Any CPU
		{FAA62CF1-594E-4DA6-B7EC-62D2809E576D}.Release|Any CPU.ActiveCfg = Release|Any CPU
		{FAA62CF1-594E-4DA6-B7EC-62D2809E576D}.Release|Any CPU.Build.0 = Release|Any CPU
	EndGlobalSection
	GlobalSection(SolutionProperties) = preSolution
		HideSolutionNode = FALSE
	EndGlobalSection
	GlobalSection(ExtensibilityGlobals) = postSolution
		SolutionGuid = {35DEB762-0121-475E-A9B6-97643B51CC92}
	EndGlobalSection
EndGlobal
