
Microsoft Visual Studio Solution File, Format Version 12.00
# Visual Studio Version 16
VisualStudioVersion = 16.0.30104.148
MinimumVisualStudioVersion = 10.0.40219.1
Project("{FAE04EC0-301F-11D3-BF4B-00C04F79EFBC}") = "ConstVarChainConstructors", "ConstVarChainConstructors\ConstVarChainConstructors.csproj", "{A1AB72DA-0F8B-4F52-8338-A1A47C34DCCD}"
EndProject
Global
	GlobalSection(SolutionConfigurationPlatforms) = preSolution
		Debug|Any CPU = Debug|Any CPU
		Release|Any CPU = Release|Any CPU
	EndGlobalSection
	GlobalSection(ProjectConfigurationPlatforms) = postSolution
		{A1AB72DA-0F8B-4F52-8338-A1A47C34DCCD}.Debug|Any CPU.ActiveCfg = Debug|Any CPU
		{A1AB72DA-0F8B-4F52-8338-A1A47C34DCCD}.Debug|Any CPU.Build.0 = Debug|Any CPU
		{A1AB72DA-0F8B-4F52-8338-A1A47C34DCCD}.Release|Any CPU.ActiveCfg = Release|Any CPU
		{A1AB72DA-0F8B-4F52-8338-A1A47C34DCCD}.Release|Any CPU.Build.0 = Release|Any CPU
	EndGlobalSection
	GlobalSection(SolutionProperties) = preSolution
		HideSolutionNode = FALSE
	EndGlobalSection
	GlobalSection(ExtensibilityGlobals) = postSolution
		SolutionGuid = {3072BDC2-ADBF-44B1-BA8D-8DBED28107A0}
	EndGlobalSection
EndGlobal
