
Microsoft Visual Studio Solution File, Format Version 12.00
# Visual Studio Version 16
VisualStudioVersion = 16.0.30104.148
MinimumVisualStudioVersion = 10.0.40219.1
Project("{FAE04EC0-301F-11D3-BF4B-00C04F79EFBC}") = "ContosoUniversity", "ContosoUniversity\ContosoUniversity.csproj", "{4E20078A-B901-4325-95D4-4A62A71F92C1}"
EndProject
Global
	GlobalSection(SolutionConfigurationPlatforms) = preSolution
		Debug|Any CPU = Debug|Any CPU
		Release|Any CPU = Release|Any CPU
	EndGlobalSection
	GlobalSection(ProjectConfigurationPlatforms) = postSolution
		{4E20078A-B901-4325-95D4-4A62A71F92C1}.Debug|Any CPU.ActiveCfg = Debug|Any CPU
		{4E20078A-B901-4325-95D4-4A62A71F92C1}.Debug|Any CPU.Build.0 = Debug|Any CPU
		{4E20078A-B901-4325-95D4-4A62A71F92C1}.Release|Any CPU.ActiveCfg = Release|Any CPU
		{4E20078A-B901-4325-95D4-4A62A71F92C1}.Release|Any CPU.Build.0 = Release|Any CPU
	EndGlobalSection
	GlobalSection(SolutionProperties) = preSolution
		HideSolutionNode = FALSE
	EndGlobalSection
	GlobalSection(ExtensibilityGlobals) = postSolution
		SolutionGuid = {0CDF2D02-679F-4FFD-8699-BBD1FB991B37}
	EndGlobalSection
EndGlobal
