
Microsoft Visual Studio Solution File, Format Version 12.00
# Visual Studio Version 16
VisualStudioVersion = 16.0.30104.148
MinimumVisualStudioVersion = 10.0.40219.1
Project("{FAE04EC0-301F-11D3-BF4B-00C04F79EFBC}") = "CodeWars", "CodeWars\CodeWars.csproj", "{91C40195-870F-45C4-B821-6128086CE7FF}"
EndProject
Global
	GlobalSection(SolutionConfigurationPlatforms) = preSolution
		Debug|Any CPU = Debug|Any CPU
		Release|Any CPU = Release|Any CPU
	EndGlobalSection
	GlobalSection(ProjectConfigurationPlatforms) = postSolution
		{91C40195-870F-45C4-B821-6128086CE7FF}.Debug|Any CPU.ActiveCfg = Debug|Any CPU
		{91C40195-870F-45C4-B821-6128086CE7FF}.Debug|Any CPU.Build.0 = Debug|Any CPU
		{91C40195-870F-45C4-B821-6128086CE7FF}.Release|Any CPU.ActiveCfg = Release|Any CPU
		{91C40195-870F-45C4-B821-6128086CE7FF}.Release|Any CPU.Build.0 = Release|Any CPU
	EndGlobalSection
	GlobalSection(SolutionProperties) = preSolution
		HideSolutionNode = FALSE
	EndGlobalSection
	GlobalSection(ExtensibilityGlobals) = postSolution
		SolutionGuid = {CEA5C108-2847-4B82-B699-2324AF732F8F}
	EndGlobalSection
EndGlobal
